
Microsoft Visual Studio Solution File, Format Version 12.00
# Visual Studio 15
VisualStudioVersion = 15.0.28307.489
MinimumVisualStudioVersion = 10.0.40219.1
Project("{FAE04EC0-301F-11D3-BF4B-00C04F79EFBC}") = "WindowsFormsApp1", "WindowsFormsApp1\WindowsFormsApp1.csproj", "{B683923C-2541-4BF4-9DF0-C765515F0C38}"
EndProject
Global
	GlobalSection(SolutionConfigurationPlatforms) = preSolution
		Debug|Any CPU = Debug|Any CPU
		Release|Any CPU = Release|Any CPU
	EndGlobalSection
	GlobalSection(ProjectConfigurationPlatforms) = postSolution
		{B683923C-2541-4BF4-9DF0-C765515F0C38}.Debug|Any CPU.ActiveCfg = Debug|Any CPU
		{B683923C-2541-4BF4-9DF0-C765515F0C38}.Debug|Any CPU.Build.0 = Debug|Any CPU
		{B683923C-2541-4BF4-9DF0-C765515F0C38}.Release|Any CPU.ActiveCfg = Release|Any CPU
		{B683923C-2541-4BF4-9DF0-C765515F0C38}.Release|Any CPU.Build.0 = Release|Any CPU
	EndGlobalSection
	GlobalSection(SolutionProperties) = preSolution
		HideSolutionNode = FALSE
	EndGlobalSection
	GlobalSection(ExtensibilityGlobals) = postSolution
		SolutionGuid = {7CC82048-E8C2-477D-AAD9-E4130B7CFA38}
	EndGlobalSection
EndGlobal
